// !$*UTF8*$!
{
	archiveVersion = 1;
	classes = {
	};
	objectVersion = 48;
	objects = {

/* Begin PBXBuildFile section */
		D403B1F9206DBF21009648F5 /* InfoPostingViewController.swift in Sources */ = {isa = PBXBuildFile; fileRef = D403B1F8206DBF21009648F5 /* InfoPostingViewController.swift */; };
		D4169CD42052E783009A7093 /* OTMStudents.swift in Sources */ = {isa = PBXBuildFile; fileRef = D4169CD32052E783009A7093 /* OTMStudents.swift */; };
		D41806B820A0CBF50077A37F /* DisplayError.swift in Sources */ = {isa = PBXBuildFile; fileRef = D41806B720A0CBF50077A37F /* DisplayError.swift */; };
		D454D977206C25CD007B686C /* StudentTableViewController.swift in Sources */ = {isa = PBXBuildFile; fileRef = D454D976206C25CD007B686C /* StudentTableViewController.swift */; };
		D4734C0520741B3C00A6D337 /* TabBarController.swift in Sources */ = {isa = PBXBuildFile; fileRef = D4734C0420741B3C00A6D337 /* TabBarController.swift */; };
		D491202D203F6FFE00A71931 /* AppDelegate.swift in Sources */ = {isa = PBXBuildFile; fileRef = D491202C203F6FFE00A71931 /* AppDelegate.swift */; };
		D491202F203F6FFE00A71931 /* LoginViewController.swift in Sources */ = {isa = PBXBuildFile; fileRef = D491202E203F6FFE00A71931 /* LoginViewController.swift */; };
		D4912032203F6FFE00A71931 /* Main.storyboard in Resources */ = {isa = PBXBuildFile; fileRef = D4912030203F6FFE00A71931 /* Main.storyboard */; };
		D4912034203F6FFE00A71931 /* Assets.xcassets in Resources */ = {isa = PBXBuildFile; fileRef = D4912033203F6FFE00A71931 /* Assets.xcassets */; };
		D4912037203F6FFE00A71931 /* LaunchScreen.storyboard in Resources */ = {isa = PBXBuildFile; fileRef = D4912035203F6FFE00A71931 /* LaunchScreen.storyboard */; };
		D4A2BE4F20448D93008F182D /* OTMClient.swift in Sources */ = {isa = PBXBuildFile; fileRef = D4A2BE4E20448D93008F182D /* OTMClient.swift */; };
		D4A2BE5120448DA8008F182D /* OTMConstants.swift in Sources */ = {isa = PBXBuildFile; fileRef = D4A2BE5020448DA8008F182D /* OTMConstants.swift */; };
		D4C1CF5C20994C73002CCCC1 /* OTMTextFieldDelegate.swift in Sources */ = {isa = PBXBuildFile; fileRef = D4C1CF5B20994C73002CCCC1 /* OTMTextFieldDelegate.swift */; };
		D4C68E93205AF51C007EDF0C /* GCDBlackBox.swift in Sources */ = {isa = PBXBuildFile; fileRef = D4C68E92205AF51C007EDF0C /* GCDBlackBox.swift */; };
		D4C68E95205AF7CF007EDF0C /* MapTabViewController.swift in Sources */ = {isa = PBXBuildFile; fileRef = D4C68E94205AF7CF007EDF0C /* MapTabViewController.swift */; };
		D4E16391209E39B8007EF991 /* StudentData.swift in Sources */ = {isa = PBXBuildFile; fileRef = D4E16390209E39B8007EF991 /* StudentData.swift */; };
/* End PBXBuildFile section */

/* Begin PBXFileReference section */
		D403B1F8206DBF21009648F5 /* InfoPostingViewController.swift */ = {isa = PBXFileReference; lastKnownFileType = sourcecode.swift; path = InfoPostingViewController.swift; sourceTree = "<group>"; };
		D4169CD32052E783009A7093 /* OTMStudents.swift */ = {isa = PBXFileReference; lastKnownFileType = sourcecode.swift; path = OTMStudents.swift; sourceTree = "<group>"; };
		D41806B720A0CBF50077A37F /* DisplayError.swift */ = {isa = PBXFileReference; lastKnownFileType = sourcecode.swift; path = DisplayError.swift; sourceTree = "<group>"; };
		D454D976206C25CD007B686C /* StudentTableViewController.swift */ = {isa = PBXFileReference; lastKnownFileType = sourcecode.swift; path = StudentTableViewController.swift; sourceTree = "<group>"; };
		D4734C0420741B3C00A6D337 /* TabBarController.swift */ = {isa = PBXFileReference; lastKnownFileType = sourcecode.swift; path = TabBarController.swift; sourceTree = "<group>"; };
		D4912029203F6FFE00A71931 /* On The Map.app */ = {isa = PBXFileReference; explicitFileType = wrapper.application; includeInIndex = 0; path = "On The Map.app"; sourceTree = BUILT_PRODUCTS_DIR; };
		D491202C203F6FFE00A71931 /* AppDelegate.swift */ = {isa = PBXFileReference; lastKnownFileType = sourcecode.swift; path = AppDelegate.swift; sourceTree = "<group>"; };
		D491202E203F6FFE00A71931 /* LoginViewController.swift */ = {isa = PBXFileReference; lastKnownFileType = sourcecode.swift; path = LoginViewController.swift; sourceTree = "<group>"; };
		D4912031203F6FFE00A71931 /* Base */ = {isa = PBXFileReference; lastKnownFileType = file.storyboard; name = Base; path = Base.lproj/Main.storyboard; sourceTree = "<group>"; };
		D4912033203F6FFE00A71931 /* Assets.xcassets */ = {isa = PBXFileReference; lastKnownFileType = folder.assetcatalog; path = Assets.xcassets; sourceTree = "<group>"; };
		D4912036203F6FFE00A71931 /* Base */ = {isa = PBXFileReference; lastKnownFileType = file.storyboard; name = Base; path = Base.lproj/LaunchScreen.storyboard; sourceTree = "<group>"; };
		D4912038203F6FFE00A71931 /* Info.plist */ = {isa = PBXFileReference; lastKnownFileType = text.plist.xml; path = Info.plist; sourceTree = "<group>"; };
		D4A2BE4E20448D93008F182D /* OTMClient.swift */ = {isa = PBXFileReference; lastKnownFileType = sourcecode.swift; path = OTMClient.swift; sourceTree = "<group>"; };
		D4A2BE5020448DA8008F182D /* OTMConstants.swift */ = {isa = PBXFileReference; lastKnownFileType = sourcecode.swift; path = OTMConstants.swift; sourceTree = "<group>"; };
		D4C1CF5B20994C73002CCCC1 /* OTMTextFieldDelegate.swift */ = {isa = PBXFileReference; lastKnownFileType = sourcecode.swift; path = OTMTextFieldDelegate.swift; sourceTree = "<group>"; };
		D4C68E92205AF51C007EDF0C /* GCDBlackBox.swift */ = {isa = PBXFileReference; lastKnownFileType = sourcecode.swift; path = GCDBlackBox.swift; sourceTree = "<group>"; };
		D4C68E94205AF7CF007EDF0C /* MapTabViewController.swift */ = {isa = PBXFileReference; lastKnownFileType = sourcecode.swift; path = MapTabViewController.swift; sourceTree = "<group>"; };
		D4E16390209E39B8007EF991 /* StudentData.swift */ = {isa = PBXFileReference; lastKnownFileType = sourcecode.swift; path = StudentData.swift; sourceTree = "<group>"; };
/* End PBXFileReference section */

/* Begin PBXFrameworksBuildPhase section */
		D4912026203F6FFE00A71931 /* Frameworks */ = {
			isa = PBXFrameworksBuildPhase;
			buildActionMask = 2147483647;
			files = (
			);
			runOnlyForDeploymentPostprocessing = 0;
		};
/* End PBXFrameworksBuildPhase section */

/* Begin PBXGroup section */
		D41806B620A0CBD10077A37F /* View */ = {
			isa = PBXGroup;
			children = (
				D41806B720A0CBF50077A37F /* DisplayError.swift */,
			);
			path = View;
			sourceTree = "<group>";
		};
		D4912020203F6FFE00A71931 = {
			isa = PBXGroup;
			children = (
				D491202B203F6FFE00A71931 /* On The Map */,
				D491202A203F6FFE00A71931 /* Products */,
			);
			sourceTree = "<group>";
		};
		D491202A203F6FFE00A71931 /* Products */ = {
			isa = PBXGroup;
			children = (
				D4912029203F6FFE00A71931 /* On The Map.app */,
			);
			name = Products;
			sourceTree = "<group>";
		};
		D491202B203F6FFE00A71931 /* On The Map */ = {
			isa = PBXGroup;
			children = (
				D491202C203F6FFE00A71931 /* AppDelegate.swift */,
				D4C68E92205AF51C007EDF0C /* GCDBlackBox.swift */,
				D4A2BE4B20448CEA008F182D /* Model */,
				D41806B620A0CBD10077A37F /* View */,
				D4A2BE4A20448CD8008F182D /* Controllers */,
				D4912030203F6FFE00A71931 /* Main.storyboard */,
				D4912033203F6FFE00A71931 /* Assets.xcassets */,
				D4912035203F6FFE00A71931 /* LaunchScreen.storyboard */,
				D4912038203F6FFE00A71931 /* Info.plist */,
			);
			path = "On The Map";
			sourceTree = "<group>";
		};
		D4A2BE4A20448CD8008F182D /* Controllers */ = {
			isa = PBXGroup;
			children = (
				D491202E203F6FFE00A71931 /* LoginViewController.swift */,
				D4C68E94205AF7CF007EDF0C /* MapTabViewController.swift */,
				D454D976206C25CD007B686C /* StudentTableViewController.swift */,
				D403B1F8206DBF21009648F5 /* InfoPostingViewController.swift */,
				D4734C0420741B3C00A6D337 /* TabBarController.swift */,
			);
			path = Controllers;
			sourceTree = "<group>";
		};
		D4A2BE4B20448CEA008F182D /* Model */ = {
			isa = PBXGroup;
			children = (
				D4A2BE4C20448CF8008F182D /* Client */,
			);
			path = Model;
			sourceTree = "<group>";
		};
		D4A2BE4C20448CF8008F182D /* Client */ = {
			isa = PBXGroup;
			children = (
				D4A2BE4D20448D06008F182D /* Udacity */,
			);
			path = Client;
			sourceTree = "<group>";
		};
		D4A2BE4D20448D06008F182D /* Udacity */ = {
			isa = PBXGroup;
			children = (
				D4A2BE4E20448D93008F182D /* OTMClient.swift */,
				D4169CD32052E783009A7093 /* OTMStudents.swift */,
				D4A2BE5020448DA8008F182D /* OTMConstants.swift */,
				D4C1CF5B20994C73002CCCC1 /* OTMTextFieldDelegate.swift */,
				D4E16390209E39B8007EF991 /* StudentData.swift */,
			);
			path = Udacity;
			sourceTree = "<group>";
		};
/* End PBXGroup section */

/* Begin PBXNativeTarget section */
		D4912028203F6FFE00A71931 /* On The Map */ = {
			isa = PBXNativeTarget;
			buildConfigurationList = D491203B203F6FFE00A71931 /* Build configuration list for PBXNativeTarget "On The Map" */;
			buildPhases = (
				D4912025203F6FFE00A71931 /* Sources */,
				D4912026203F6FFE00A71931 /* Frameworks */,
				D4912027203F6FFE00A71931 /* Resources */,
			);
			buildRules = (
			);
			dependencies = (
			);
			name = "On The Map";
			productName = "On The Map";
			productReference = D4912029203F6FFE00A71931 /* On The Map.app */;
			productType = "com.apple.product-type.application";
		};
/* End PBXNativeTarget section */

/* Begin PBXProject section */
		D4912021203F6FFE00A71931 /* Project object */ = {
			isa = PBXProject;
			attributes = {
				LastSwiftUpdateCheck = 0910;
				LastUpgradeCheck = 0910;
				ORGANIZATIONNAME = atao;
				TargetAttributes = {
					D4912028203F6FFE00A71931 = {
						CreatedOnToolsVersion = 9.1;
						ProvisioningStyle = Automatic;
					};
				};
			};
			buildConfigurationList = D4912024203F6FFE00A71931 /* Build configuration list for PBXProject "On The Map" */;
			compatibilityVersion = "Xcode 8.0";
			developmentRegion = en;
			hasScannedForEncodings = 0;
			knownRegions = (
				en,
				Base,
			);
			mainGroup = D4912020203F6FFE00A71931;
			productRefGroup = D491202A203F6FFE00A71931 /* Products */;
			projectDirPath = "";
			projectRoot = "";
			targets = (
				D4912028203F6FFE00A71931 /* On The Map */,
			);
		};
/* End PBXProject section */

/* Begin PBXResourcesBuildPhase section */
		D4912027203F6FFE00A71931 /* Resources */ = {
			isa = PBXResourcesBuildPhase;
			buildActionMask = 2147483647;
			files = (
				D4912037203F6FFE00A71931 /* LaunchScreen.storyboard in Resources */,
				D4912034203F6FFE00A71931 /* Assets.xcassets in Resources */,
				D4912032203F6FFE00A71931 /* Main.storyboard in Resources */,
			);
			runOnlyForDeploymentPostprocessing = 0;
		};
/* End PBXResourcesBuildPhase section */

/* Begin PBXSourcesBuildPhase section */
		D4912025203F6FFE00A71931 /* Sources */ = {
			isa = PBXSourcesBuildPhase;
			buildActionMask = 2147483647;
			files = (
				D491202F203F6FFE00A71931 /* LoginViewController.swift in Sources */,
				D4A2BE5120448DA8008F182D /* OTMConstants.swift in Sources */,
				D403B1F9206DBF21009648F5 /* InfoPostingViewController.swift in Sources */,
				D4C1CF5C20994C73002CCCC1 /* OTMTextFieldDelegate.swift in Sources */,
				D4734C0520741B3C00A6D337 /* TabBarController.swift in Sources */,
				D4E16391209E39B8007EF991 /* StudentData.swift in Sources */,
				D41806B820A0CBF50077A37F /* DisplayError.swift in Sources */,
				D4169CD42052E783009A7093 /* OTMStudents.swift in Sources */,
				D454D977206C25CD007B686C /* StudentTableViewController.swift in Sources */,
				D4C68E95205AF7CF007EDF0C /* MapTabViewController.swift in Sources */,
				D491202D203F6FFE00A71931 /* AppDelegate.swift in Sources */,
				D4C68E93205AF51C007EDF0C /* GCDBlackBox.swift in Sources */,
				D4A2BE4F20448D93008F182D /* OTMClient.swift in Sources */,
			);
			runOnlyForDeploymentPostprocessing = 0;
		};
/* End PBXSourcesBuildPhase section */

/* Begin PBXVariantGroup section */
		D4912030203F6FFE00A71931 /* Main.storyboard */ = {
			isa = PBXVariantGroup;
			children = (
				D4912031203F6FFE00A71931 /* Base */,
			);
			name = Main.storyboard;
			sourceTree = "<group>";
		};
		D4912035203F6FFE00A71931 /* LaunchScreen.storyboard */ = {
			isa = PBXVariantGroup;
			children = (
				D4912036203F6FFE00A71931 /* Base */,
			);
			name = LaunchScreen.storyboard;
			sourceTree = "<group>";
		};
/* End PBXVariantGroup section */

/* Begin XCBuildConfiguration section */
		D4912039203F6FFE00A71931 /* Debug */ = {
			isa = XCBuildConfiguration;
			buildSettings = {
				ALWAYS_SEARCH_USER_PATHS = NO;
				CLANG_ANALYZER_NONNULL = YES;
				CLANG_ANALYZER_NUMBER_OBJECT_CONVERSION = YES_AGGRESSIVE;
				CLANG_CXX_LANGUAGE_STANDARD = "gnu++14";
				CLANG_CXX_LIBRARY = "libc++";
				CLANG_ENABLE_MODULES = YES;
				CLANG_ENABLE_OBJC_ARC = YES;
				CLANG_WARN_BLOCK_CAPTURE_AUTORELEASING = YES;
				CLANG_WARN_BOOL_CONVERSION = YES;
				CLANG_WARN_COMMA = YES;
				CLANG_WARN_CONSTANT_CONVERSION = YES;
				CLANG_WARN_DIRECT_OBJC_ISA_USAGE = YES_ERROR;
				CLANG_WARN_DOCUMENTATION_COMMENTS = YES;
				CLANG_WARN_EMPTY_BODY = YES;
				CLANG_WARN_ENUM_CONVERSION = YES;
				CLANG_WARN_INFINITE_RECURSION = YES;
				CLANG_WARN_INT_CONVERSION = YES;
				CLANG_WARN_NON_LITERAL_NULL_CONVERSION = YES;
				CLANG_WARN_OBJC_LITERAL_CONVERSION = YES;
				CLANG_WARN_OBJC_ROOT_CLASS = YES_ERROR;
				CLANG_WARN_RANGE_LOOP_ANALYSIS = YES;
				CLANG_WARN_STRICT_PROTOTYPES = YES;
				CLANG_WARN_SUSPICIOUS_MOVE = YES;
				CLANG_WARN_UNGUARDED_AVAILABILITY = YES_AGGRESSIVE;
				CLANG_WARN_UNREACHABLE_CODE = YES;
				CLANG_WARN__DUPLICATE_METHOD_MATCH = YES;
				CODE_SIGN_IDENTITY = "iPhone Developer";
				COPY_PHASE_STRIP = NO;
				DEBUG_INFORMATION_FORMAT = dwarf;
				ENABLE_STRICT_OBJC_MSGSEND = YES;
				ENABLE_TESTABILITY = YES;
				GCC_C_LANGUAGE_STANDARD = gnu11;
				GCC_DYNAMIC_NO_PIC = NO;
				GCC_NO_COMMON_BLOCKS = YES;
				GCC_OPTIMIZATION_LEVEL = 0;
				GCC_PREPROCESSOR_DEFINITIONS = (
					"DEBUG=1",
					"$(inherited)",
				);
				GCC_WARN_64_TO_32_BIT_CONVERSION = YES;
				GCC_WARN_ABOUT_RETURN_TYPE = YES_ERROR;
				GCC_WARN_UNDECLARED_SELECTOR = YES;
				GCC_WARN_UNINITIALIZED_AUTOS = YES_AGGRESSIVE;
				GCC_WARN_UNUSED_FUNCTION = YES;
				GCC_WARN_UNUSED_VARIABLE = YES;
				IPHONEOS_DEPLOYMENT_TARGET = 11.1;
				MTL_ENABLE_DEBUG_INFO = YES;
				ONLY_ACTIVE_ARCH = YES;
				SDKROOT = iphoneos;
				SWIFT_ACTIVE_COMPILATION_CONDITIONS = DEBUG;
				SWIFT_OPTIMIZATION_LEVEL = "-Onone";
			};
			name = Debug;
		};
		D491203A203F6FFE00A71931 /* Release */ = {
			isa = XCBuildConfiguration;
			buildSettings = {
				ALWAYS_SEARCH_USER_PATHS = NO;
				CLANG_ANALYZER_NONNULL = YES;
				CLANG_ANALYZER_NUMBER_OBJECT_CONVERSION = YES_AGGRESSIVE;
				CLANG_CXX_LANGUAGE_STANDARD = "gnu++14";
				CLANG_CXX_LIBRARY = "libc++";
				CLANG_ENABLE_MODULES = YES;
				CLANG_ENABLE_OBJC_ARC = YES;
				CLANG_WARN_BLOCK_CAPTURE_AUTORELEASING = YES;
				CLANG_WARN_BOOL_CONVERSION = YES;
				CLANG_WARN_COMMA = YES;
				CLANG_WARN_CONSTANT_CONVERSION = YES;
				CLANG_WARN_DIRECT_OBJC_ISA_USAGE = YES_ERROR;
				CLANG_WARN_DOCUMENTATION_COMMENTS = YES;
				CLANG_WARN_EMPTY_BODY = YES;
				CLANG_WARN_ENUM_CONVERSION = YES;
				CLANG_WARN_INFINITE_RECURSION = YES;
				CLANG_WARN_INT_CONVERSION = YES;
				CLANG_WARN_NON_LITERAL_NULL_CONVERSION = YES;
				CLANG_WARN_OBJC_LITERAL_CONVERSION = YES;
				CLANG_WARN_OBJC_ROOT_CLASS = YES_ERROR;
				CLANG_WARN_RANGE_LOOP_ANALYSIS = YES;
				CLANG_WARN_STRICT_PROTOTYPES = YES;
				CLANG_WARN_SUSPICIOUS_MOVE = YES;
				CLANG_WARN_UNGUARDED_AVAILABILITY = YES_AGGRESSIVE;
				CLANG_WARN_UNREACHABLE_CODE = YES;
				CLANG_WARN__DUPLICATE_METHOD_MATCH = YES;
				CODE_SIGN_IDENTITY = "iPhone Developer";
				COPY_PHASE_STRIP = NO;
				DEBUG_INFORMATION_FORMAT = "dwarf-with-dsym";
				ENABLE_NS_ASSERTIONS = NO;
				ENABLE_STRICT_OBJC_MSGSEND = YES;
				GCC_C_LANGUAGE_STANDARD = gnu11;
				GCC_NO_COMMON_BLOCKS = YES;
				GCC_WARN_64_TO_32_BIT_CONVERSION = YES;
				GCC_WARN_ABOUT_RETURN_TYPE = YES_ERROR;
				GCC_WARN_UNDECLARED_SELECTOR = YES;
				GCC_WARN_UNINITIALIZED_AUTOS = YES_AGGRESSIVE;
				GCC_WARN_UNUSED_FUNCTION = YES;
				GCC_WARN_UNUSED_VARIABLE = YES;
				IPHONEOS_DEPLOYMENT_TARGET = 11.1;
				MTL_ENABLE_DEBUG_INFO = NO;
				SDKROOT = iphoneos;
				SWIFT_OPTIMIZATION_LEVEL = "-Owholemodule";
				VALIDATE_PRODUCT = YES;
			};
			name = Release;
		};
		D491203C203F6FFE00A71931 /* Debug */ = {
			isa = XCBuildConfiguration;
			buildSettings = {
				ASSETCATALOG_COMPILER_APPICON_NAME = AppIcon;
				CODE_SIGN_STYLE = Automatic;
				DEVELOPMENT_TEAM = FBBL6TKVF9;
				INFOPLIST_FILE = "On The Map/Info.plist";
				LD_RUNPATH_SEARCH_PATHS = "$(inherited) @executable_path/Frameworks";
				PRODUCT_BUNDLE_IDENTIFIER = "atao.On-The-Map";
				PRODUCT_NAME = "$(TARGET_NAME)";
				SWIFT_VERSION = 4.0;
				TARGETED_DEVICE_FAMILY = "1,2";
			};
			name = Debug;
		};
		D491203D203F6FFE00A71931 /* Release */ = {
			isa = XCBuildConfiguration;
			buildSettings = {
				ASSETCATALOG_COMPILER_APPICON_NAME = AppIcon;
				CODE_SIGN_STYLE = Automatic;
				DEVELOPMENT_TEAM = FBBL6TKVF9;
				INFOPLIST_FILE = "On The Map/Info.plist";
				LD_RUNPATH_SEARCH_PATHS = "$(inherited) @executable_path/Frameworks";
				PRODUCT_BUNDLE_IDENTIFIER = "atao.On-The-Map";
				PRODUCT_NAME = "$(TARGET_NAME)";
				SWIFT_VERSION = 4.0;
				TARGETED_DEVICE_FAMILY = "1,2";
			};
			name = Release;
		};
/* End XCBuildConfiguration section */

/* Begin XCConfigurationList section */
		D4912024203F6FFE00A71931 /* Build configuration list for PBXProject "On The Map" */ = {
			isa = XCConfigurationList;
			buildConfigurations = (
				D4912039203F6FFE00A71931 /* Debug */,
				D491203A203F6FFE00A71931 /* Release */,
			);
			defaultConfigurationIsVisible = 0;
			defaultConfigurationName = Release;
		};
		D491203B203F6FFE00A71931 /* Build configuration list for PBXNativeTarget "On The Map" */ = {
			isa = XCConfigurationList;
			buildConfigurations = (
				D491203C203F6FFE00A71931 /* Debug */,
				D491203D203F6FFE00A71931 /* Release */,
			);
			defaultConfigurationIsVisible = 0;
			defaultConfigurationName = Release;
		};
/* End XCConfigurationList section */
	};
	rootObject = D4912021203F6FFE00A71931 /* Project object */;
}
